schema: '2.0'
stages:
  data_prep:
    cmd: python src/data_prep.py
    deps:
    - path: data/raw/telco_churn.csv
      hash: md5
      md5: 006527876bfe18c977d74eb4bc59443f
      size: 873370
    - path: src/data_prep.py
      hash: md5
      md5: 055d2f67a1389280419e85417de04120
      size: 1652
    outs:
    - path: data/processed/telco_clean.csv
      hash: md5
      md5: 004465a82c600845f99d035943fe597f
      size: 1022255
  train:
    cmd: python src/train.py --data data/processed/telco_clean.csv --model 
      models/churn_model.pkl --params params/params.yaml --metrics 
      reports/metrics.json
    deps:
    - path: data/processed/telco_clean.csv
      hash: md5
      md5: 004465a82c600845f99d035943fe597f
      size: 1022255
    - path: params/params.yaml
      hash: md5
      md5: 29f363572a9943ca3ff2fc0fcaec5e53
      size: 353
    - path: src/train.py
      hash: md5
      md5: b17a2089e9b4cb4e2a668ed305e68cc6
      size: 4318
    outs:
    - path: models/logistic_regression.pkl
      hash: md5
      md5: 243d70ae5609c979a597ef6b0b249fea
      size: 1019
    - path: models/scaler.pkl
      hash: md5
      md5: 11f7237db1d315d514b101a9f7691eee
      size: 1799
    - path: reports/metrics.json
      hash: md5
      md5: 8cd06f202ada5545a2e7166a914f8d73
      size: 132
